
Microsoft Visual Studio Solution File, Format Version 12.00
# Visual Studio Version 17
VisualStudioVersion = 17.7.34202.233
MinimumVisualStudioVersion = 10.0.40219.1
Project("{FAE04EC0-301F-11D3-BF4B-00C04F79EFBC}") = "LabWork3", "LabWork3\LabWork3.csproj", "{0188A0C4-68DD-47C9-AA11-EAEF07B32010}"
EndProject
Global
	GlobalSection(SolutionConfigurationPlatforms) = preSolution
		Debug|Any CPU = Debug|Any CPU
		Release|Any CPU = Release|Any CPU
	EndGlobalSection
	GlobalSection(ProjectConfigurationPlatforms) = postSolution
		{0188A0C4-68DD-47C9-AA11-EAEF07B32010}.Debug|Any CPU.ActiveCfg = Debug|Any CPU
		{0188A0C4-68DD-47C9-AA11-EAEF07B32010}.Debug|Any CPU.Build.0 = Debug|Any CPU
		{0188A0C4-68DD-47C9-AA11-EAEF07B32010}.Release|Any CPU.ActiveCfg = Release|Any CPU
		{0188A0C4-68DD-47C9-AA11-EAEF07B32010}.Release|Any CPU.Build.0 = Release|Any CPU
	EndGlobalSection
	GlobalSection(SolutionProperties) = preSolution
		HideSolutionNode = FALSE
	EndGlobalSection
	GlobalSection(ExtensibilityGlobals) = postSolution
		SolutionGuid = {D01DCDA9-1B55-445E-9FD9-072467AA84A6}
	EndGlobalSection
EndGlobal
